
Microsoft Visual Studio Solution File, Format Version 12.00
# Visual Studio Version 18
VisualStudioVersion = 18.1.11312.151
MinimumVisualStudioVersion = 10.0.40219.1
Project("{2150E333-8FDC-42A3-9474-1A3956D46DE8}") = "Solution Items", "Solution Items", "{47CBE922-34B4-4F2C-8A52-A3B775537DAB}"
	ProjectSection(SolutionItems) = preProject
		compose.yaml = compose.yaml
	EndProjectSection
EndProject
Project("{FAE04EC0-301F-11D3-BF4B-00C04F79EFBC}") = "SosuBot.Web", "SosuBot.Web\SosuBot.Web.csproj", "{DBDEBFC8-2288-4053-984A-4747C880C5EE}"
EndProject
Project("{FAE04EC0-301F-11D3-BF4B-00C04F79EFBC}") = "SosuBot.Blazor", "SosuBot.Blazor\SosuBot.Blazor.csproj", "{90CDEB4D-2023-4037-8958-4386FB2EDB54}"
EndProject
Project("{FAE04EC0-301F-11D3-BF4B-00C04F79EFBC}") = "SosuBot.Render", "SosuBot.Render\SosuBot.Render.csproj", "{7A0B4AC2-73F8-4E77-9B19-102F7BB292A4}"
EndProject
Project("{FAE04EC0-301F-11D3-BF4B-00C04F79EFBC}") = "SosuBot.Database", "SosuBot.Database\SosuBot.Database.csproj", "{271BB6F2-3810-44D8-9C4B-35E447F3CC51}"
EndProject
Global
	GlobalSection(SolutionConfigurationPlatforms) = preSolution
		Debug|Any CPU = Debug|Any CPU
		Release|Any CPU = Release|Any CPU
	EndGlobalSection
	GlobalSection(ProjectConfigurationPlatforms) = postSolution
		{DBDEBFC8-2288-4053-984A-4747C880C5EE}.Debug|Any CPU.ActiveCfg = Debug|Any CPU
		{DBDEBFC8-2288-4053-984A-4747C880C5EE}.Debug|Any CPU.Build.0 = Debug|Any CPU
		{DBDEBFC8-2288-4053-984A-4747C880C5EE}.Release|Any CPU.ActiveCfg = Release|Any CPU
		{DBDEBFC8-2288-4053-984A-4747C880C5EE}.Release|Any CPU.Build.0 = Release|Any CPU
		{90CDEB4D-2023-4037-8958-4386FB2EDB54}.Debug|Any CPU.ActiveCfg = Debug|Any CPU
		{90CDEB4D-2023-4037-8958-4386FB2EDB54}.Debug|Any CPU.Build.0 = Debug|Any CPU
		{90CDEB4D-2023-4037-8958-4386FB2EDB54}.Release|Any CPU.ActiveCfg = Release|Any CPU
		{90CDEB4D-2023-4037-8958-4386FB2EDB54}.Release|Any CPU.Build.0 = Release|Any CPU
		{7A0B4AC2-73F8-4E77-9B19-102F7BB292A4}.Debug|Any CPU.ActiveCfg = Debug|Any CPU
		{7A0B4AC2-73F8-4E77-9B19-102F7BB292A4}.Debug|Any CPU.Build.0 = Debug|Any CPU
		{7A0B4AC2-73F8-4E77-9B19-102F7BB292A4}.Release|Any CPU.ActiveCfg = Release|Any CPU
		{7A0B4AC2-73F8-4E77-9B19-102F7BB292A4}.Release|Any CPU.Build.0 = Release|Any CPU
		{271BB6F2-3810-44D8-9C4B-35E447F3CC51}.Debug|Any CPU.ActiveCfg = Debug|Any CPU
		{271BB6F2-3810-44D8-9C4B-35E447F3CC51}.Debug|Any CPU.Build.0 = Debug|Any CPU
		{271BB6F2-3810-44D8-9C4B-35E447F3CC51}.Release|Any CPU.ActiveCfg = Release|Any CPU
		{271BB6F2-3810-44D8-9C4B-35E447F3CC51}.Release|Any CPU.Build.0 = Release|Any CPU
	EndGlobalSection
	GlobalSection(SolutionProperties) = preSolution
		HideSolutionNode = FALSE
	EndGlobalSection
	GlobalSection(ExtensibilityGlobals) = postSolution
		SolutionGuid = {11DBFB29-ED6D-469D-9AEF-5E630E9F6281}
	EndGlobalSection
EndGlobal
